// !$*UTF8*$!
{
	archiveVersion = 1;
	classes = {
	};
	objectVersion = 56;
	objects = {

/* Begin PBXBuildFile section */
		B0C5335E2BE9399800780372 /* CollectionViewController.swift in Sources */ = {isa = PBXBuildFile; fileRef = B0C5335D2BE9399800780372 /* CollectionViewController.swift */; };
		B0C533602BE93D9F00780372 /* CollectionViewCell.swift in Sources */ = {isa = PBXBuildFile; fileRef = B0C5335F2BE93D9F00780372 /* CollectionViewCell.swift */; };
		B0EA89572BE68FF500E92AF8 /* AppDelegate.swift in Sources */ = {isa = PBXBuildFile; fileRef = B0EA89562BE68FF500E92AF8 /* AppDelegate.swift */; };
		B0EA895B2BE68FF500E92AF8 /* ViewController.swift in Sources */ = {isa = PBXBuildFile; fileRef = B0EA895A2BE68FF500E92AF8 /* ViewController.swift */; };
		B0EA89602BE68FF600E92AF8 /* Assets.xcassets in Resources */ = {isa = PBXBuildFile; fileRef = B0EA895F2BE68FF600E92AF8 /* Assets.xcassets */; };
		B0EA896B2BE6930200E92AF8 /* NetworkManager.swift in Sources */ = {isa = PBXBuildFile; fileRef = B0EA896A2BE6930200E92AF8 /* NetworkManager.swift */; };
		B0EA896E2BE6931B00E92AF8 /* Alamofire in Frameworks */ = {isa = PBXBuildFile; productRef = B0EA896D2BE6931B00E92AF8 /* Alamofire */; };
		B0EA89732BE6932800E92AF8 /* SnapKit in Frameworks */ = {isa = PBXBuildFile; productRef = B0EA89722BE6932800E92AF8 /* SnapKit */; };
		B0EA89772BE6968100E92AF8 /* SentencesInteractor.swift in Sources */ = {isa = PBXBuildFile; fileRef = B0EA89762BE6968100E92AF8 /* SentencesInteractor.swift */; };
		B0EA89792BE696E100E92AF8 /* SentencesPresenter.swift in Sources */ = {isa = PBXBuildFile; fileRef = B0EA89782BE696E100E92AF8 /* SentencesPresenter.swift */; };
		B0EA897B2BE69AD100E92AF8 /* SenteceRouter.swift in Sources */ = {isa = PBXBuildFile; fileRef = B0EA897A2BE69AD100E92AF8 /* SenteceRouter.swift */; };
/* End PBXBuildFile section */

/* Begin PBXFileReference section */
		B0C5335D2BE9399800780372 /* CollectionViewController.swift */ = {isa = PBXFileReference; lastKnownFileType = sourcecode.swift; path = CollectionViewController.swift; sourceTree = "<group>"; };
		B0C5335F2BE93D9F00780372 /* CollectionViewCell.swift */ = {isa = PBXFileReference; lastKnownFileType = sourcecode.swift; path = CollectionViewCell.swift; sourceTree = "<group>"; };
		B0EA89532BE68FF500E92AF8 /* CleanSiwftShowCase.app */ = {isa = PBXFileReference; explicitFileType = wrapper.application; includeInIndex = 0; path = CleanSiwftShowCase.app; sourceTree = BUILT_PRODUCTS_DIR; };
		B0EA89562BE68FF500E92AF8 /* AppDelegate.swift */ = {isa = PBXFileReference; lastKnownFileType = sourcecode.swift; path = AppDelegate.swift; sourceTree = "<group>"; };
		B0EA895A2BE68FF500E92AF8 /* ViewController.swift */ = {isa = PBXFileReference; lastKnownFileType = sourcecode.swift; path = ViewController.swift; sourceTree = "<group>"; };
		B0EA895F2BE68FF600E92AF8 /* Assets.xcassets */ = {isa = PBXFileReference; lastKnownFileType = folder.assetcatalog; path = Assets.xcassets; sourceTree = "<group>"; };
		B0EA89642BE68FF600E92AF8 /* Info.plist */ = {isa = PBXFileReference; lastKnownFileType = text.plist.xml; path = Info.plist; sourceTree = "<group>"; };
		B0EA896A2BE6930200E92AF8 /* NetworkManager.swift */ = {isa = PBXFileReference; lastKnownFileType = sourcecode.swift; path = NetworkManager.swift; sourceTree = "<group>"; };
		B0EA89762BE6968100E92AF8 /* SentencesInteractor.swift */ = {isa = PBXFileReference; lastKnownFileType = sourcecode.swift; path = SentencesInteractor.swift; sourceTree = "<group>"; };
		B0EA89782BE696E100E92AF8 /* SentencesPresenter.swift */ = {isa = PBXFileReference; lastKnownFileType = sourcecode.swift; path = SentencesPresenter.swift; sourceTree = "<group>"; };
		B0EA897A2BE69AD100E92AF8 /* SenteceRouter.swift */ = {isa = PBXFileReference; lastKnownFileType = sourcecode.swift; path = SenteceRouter.swift; sourceTree = "<group>"; };
/* End PBXFileReference section */

/* Begin PBXFrameworksBuildPhase section */
		B0EA89502BE68FF500E92AF8 /* Frameworks */ = {
			isa = PBXFrameworksBuildPhase;
			buildActionMask = 2147483647;
			files = (
				B0EA89732BE6932800E92AF8 /* SnapKit in Frameworks */,
				B0EA896E2BE6931B00E92AF8 /* Alamofire in Frameworks */,
			);
			runOnlyForDeploymentPostprocessing = 0;
		};
/* End PBXFrameworksBuildPhase section */

/* Begin PBXGroup section */
		B0EA894A2BE68FF500E92AF8 = {
			isa = PBXGroup;
			children = (
				B0EA89552BE68FF500E92AF8 /* CleanSiwftShowCase */,
				B0EA89542BE68FF500E92AF8 /* Products */,
			);
			sourceTree = "<group>";
		};
		B0EA89542BE68FF500E92AF8 /* Products */ = {
			isa = PBXGroup;
			children = (
				B0EA89532BE68FF500E92AF8 /* CleanSiwftShowCase.app */,
			);
			name = Products;
			sourceTree = "<group>";
		};
		B0EA89552BE68FF500E92AF8 /* CleanSiwftShowCase */ = {
			isa = PBXGroup;
			children = (
				B0EA89562BE68FF500E92AF8 /* AppDelegate.swift */,
				B0EA895A2BE68FF500E92AF8 /* ViewController.swift */,
				B0C5335D2BE9399800780372 /* CollectionViewController.swift */,
				B0C5335F2BE93D9F00780372 /* CollectionViewCell.swift */,
				B0EA89762BE6968100E92AF8 /* SentencesInteractor.swift */,
				B0EA89782BE696E100E92AF8 /* SentencesPresenter.swift */,
				B0EA897A2BE69AD100E92AF8 /* SenteceRouter.swift */,
				B0EA896A2BE6930200E92AF8 /* NetworkManager.swift */,
				B0EA895F2BE68FF600E92AF8 /* Assets.xcassets */,
				B0EA89642BE68FF600E92AF8 /* Info.plist */,
			);
			path = CleanSiwftShowCase;
			sourceTree = "<group>";
		};
/* End PBXGroup section */

/* Begin PBXNativeTarget section */
		B0EA89522BE68FF500E92AF8 /* CleanSiwftShowCase */ = {
			isa = PBXNativeTarget;
			buildConfigurationList = B0EA89672BE68FF600E92AF8 /* Build configuration list for PBXNativeTarget "CleanSiwftShowCase" */;
			buildPhases = (
				B0EA894F2BE68FF500E92AF8 /* Sources */,
				B0EA89502BE68FF500E92AF8 /* Frameworks */,
				B0EA89512BE68FF500E92AF8 /* Resources */,
			);
			buildRules = (
			);
			dependencies = (
			);
			name = CleanSiwftShowCase;
			packageProductDependencies = (
				B0EA896D2BE6931B00E92AF8 /* Alamofire */,
				B0EA89722BE6932800E92AF8 /* SnapKit */,
			);
			productName = CleanSiwftShowCase;
			productReference = B0EA89532BE68FF500E92AF8 /* CleanSiwftShowCase.app */;
			productType = "com.apple.product-type.application";
		};
/* End PBXNativeTarget section */

/* Begin PBXProject section */
		B0EA894B2BE68FF500E92AF8 /* Project object */ = {
			isa = PBXProject;
			attributes = {
				BuildIndependentTargetsInParallel = 1;
				LastSwiftUpdateCheck = 1500;
				LastUpgradeCheck = 1500;
				TargetAttributes = {
					B0EA89522BE68FF500E92AF8 = {
						CreatedOnToolsVersion = 15.0;
					};
				};
			};
			buildConfigurationList = B0EA894E2BE68FF500E92AF8 /* Build configuration list for PBXProject "CleanSiwftShowCase" */;
			compatibilityVersion = "Xcode 14.0";
			developmentRegion = en;
			hasScannedForEncodings = 0;
			knownRegions = (
				en,
				Base,
			);
			mainGroup = B0EA894A2BE68FF500E92AF8;
			packageReferences = (
				B0EA896C2BE6931B00E92AF8 /* XCRemoteSwiftPackageReference "Alamofire" */,
				B0EA89712BE6932800E92AF8 /* XCRemoteSwiftPackageReference "SnapKit" */,
			);
			productRefGroup = B0EA89542BE68FF500E92AF8 /* Products */;
			projectDirPath = "";
			projectRoot = "";
			targets = (
				B0EA89522BE68FF500E92AF8 /* CleanSiwftShowCase */,
			);
		};
/* End PBXProject section */

/* Begin PBXResourcesBuildPhase section */
		B0EA89512BE68FF500E92AF8 /* Resources */ = {
			isa = PBXResourcesBuildPhase;
			buildActionMask = 2147483647;
			files = (
				B0EA89602BE68FF600E92AF8 /* Assets.xcassets in Resources */,
			);
			runOnlyForDeploymentPostprocessing = 0;
		};
/* End PBXResourcesBuildPhase section */

/* Begin PBXSourcesBuildPhase section */
		B0EA894F2BE68FF500E92AF8 /* Sources */ = {
			isa = PBXSourcesBuildPhase;
			buildActionMask = 2147483647;
			files = (
				B0EA897B2BE69AD100E92AF8 /* SenteceRouter.swift in Sources */,
				B0EA896B2BE6930200E92AF8 /* NetworkManager.swift in Sources */,
				B0C533602BE93D9F00780372 /* CollectionViewCell.swift in Sources */,
				B0EA89792BE696E100E92AF8 /* SentencesPresenter.swift in Sources */,
				B0EA895B2BE68FF500E92AF8 /* ViewController.swift in Sources */,
				B0C5335E2BE9399800780372 /* CollectionViewController.swift in Sources */,
				B0EA89572BE68FF500E92AF8 /* AppDelegate.swift in Sources */,
				B0EA89772BE6968100E92AF8 /* SentencesInteractor.swift in Sources */,
			);
			runOnlyForDeploymentPostprocessing = 0;
		};
/* End PBXSourcesBuildPhase section */

/* Begin XCBuildConfiguration section */
		B0EA89652BE68FF600E92AF8 /* Debug */ = {
			isa = XCBuildConfiguration;
			buildSettings = {
				ALWAYS_SEARCH_USER_PATHS = NO;
				ASSETCATALOG_COMPILER_GENERATE_SWIFT_ASSET_SYMBOL_EXTENSIONS = YES;
				CLANG_ANALYZER_NONNULL = YES;
				CLANG_ANALYZER_NUMBER_OBJECT_CONVERSION = YES_AGGRESSIVE;
				CLANG_CXX_LANGUAGE_STANDARD = "gnu++20";
				CLANG_ENABLE_MODULES = YES;
				CLANG_ENABLE_OBJC_ARC = YES;
				CLANG_ENABLE_OBJC_WEAK = YES;
				CLANG_WARN_BLOCK_CAPTURE_AUTORELEASING = YES;
				CLANG_WARN_BOOL_CONVERSION = YES;
				CLANG_WARN_COMMA = YES;
				CLANG_WARN_CONSTANT_CONVERSION = YES;
				CLANG_WARN_DEPRECATED_OBJC_IMPLEMENTATIONS = YES;
				CLANG_WARN_DIRECT_OBJC_ISA_USAGE = YES_ERROR;
				CLANG_WARN_DOCUMENTATION_COMMENTS = YES;
				CLANG_WARN_EMPTY_BODY = YES;
				CLANG_WARN_ENUM_CONVERSION = YES;
				CLANG_WARN_INFINITE_RECURSION = YES;
				CLANG_WARN_INT_CONVERSION = YES;
				CLANG_WARN_NON_LITERAL_NULL_CONVERSION = YES;
				CLANG_WARN_OBJC_IMPLICIT_RETAIN_SELF = YES;
				CLANG_WARN_OBJC_LITERAL_CONVERSION = YES;
				CLANG_WARN_OBJC_ROOT_CLASS = YES_ERROR;
				CLANG_WARN_QUOTED_INCLUDE_IN_FRAMEWORK_HEADER = YES;
				CLANG_WARN_RANGE_LOOP_ANALYSIS = YES;
				CLANG_WARN_STRICT_PROTOTYPES = YES;
				CLANG_WARN_SUSPICIOUS_MOVE = YES;
				CLANG_WARN_UNGUARDED_AVAILABILITY = YES_AGGRESSIVE;
				CLANG_WARN_UNREACHABLE_CODE = YES;
				CLANG_WARN__DUPLICATE_METHOD_MATCH = YES;
				COPY_PHASE_STRIP = NO;
				DEBUG_INFORMATION_FORMAT = dwarf;
				ENABLE_STRICT_OBJC_MSGSEND = YES;
				ENABLE_TESTABILITY = YES;
				ENABLE_USER_SCRIPT_SANDBOXING = YES;
				GCC_C_LANGUAGE_STANDARD = gnu17;
				GCC_DYNAMIC_NO_PIC = NO;
				GCC_NO_COMMON_BLOCKS = YES;
				GCC_OPTIMIZATION_LEVEL = 0;
				GCC_PREPROCESSOR_DEFINITIONS = (
					"DEBUG=1",
					"$(inherited)",
				);
				GCC_WARN_64_TO_32_BIT_CONVERSION = YES;
				GCC_WARN_ABOUT_RETURN_TYPE = YES_ERROR;
				GCC_WARN_UNDECLARED_SELECTOR = YES;
				GCC_WARN_UNINITIALIZED_AUTOS = YES_AGGRESSIVE;
				GCC_WARN_UNUSED_FUNCTION = YES;
				GCC_WARN_UNUSED_VARIABLE = YES;
				IPHONEOS_DEPLOYMENT_TARGET = 17.0;
				LOCALIZATION_PREFERS_STRING_CATALOGS = YES;
				MTL_ENABLE_DEBUG_INFO = INCLUDE_SOURCE;
				MTL_FAST_MATH = YES;
				ONLY_ACTIVE_ARCH = YES;
				SDKROOT = iphoneos;
				SWIFT_ACTIVE_COMPILATION_CONDITIONS = "DEBUG $(inherited)";
				SWIFT_OPTIMIZATION_LEVEL = "-Onone";
			};
			name = Debug;
		};
		B0EA89662BE68FF600E92AF8 /* Release */ = {
			isa = XCBuildConfiguration;
			buildSettings = {
				ALWAYS_SEARCH_USER_PATHS = NO;
				ASSETCATALOG_COMPILER_GENERATE_SWIFT_ASSET_SYMBOL_EXTENSIONS = YES;
				CLANG_ANALYZER_NONNULL = YES;
				CLANG_ANALYZER_NUMBER_OBJECT_CONVERSION = YES_AGGRESSIVE;
				CLANG_CXX_LANGUAGE_STANDARD = "gnu++20";
				CLANG_ENABLE_MODULES = YES;
				CLANG_ENABLE_OBJC_ARC = YES;
				CLANG_ENABLE_OBJC_WEAK = YES;
				CLANG_WARN_BLOCK_CAPTURE_AUTORELEASING = YES;
				CLANG_WARN_BOOL_CONVERSION = YES;
				CLANG_WARN_COMMA = YES;
				CLANG_WARN_CONSTANT_CONVERSION = YES;
				CLANG_WARN_DEPRECATED_OBJC_IMPLEMENTATIONS = YES;
				CLANG_WARN_DIRECT_OBJC_ISA_USAGE = YES_ERROR;
				CLANG_WARN_DOCUMENTATION_COMMENTS = YES;
				CLANG_WARN_EMPTY_BODY = YES;
				CLANG_WARN_ENUM_CONVERSION = YES;
				CLANG_WARN_INFINITE_RECURSION = YES;
				CLANG_WARN_INT_CONVERSION = YES;
				CLANG_WARN_NON_LITERAL_NULL_CONVERSION = YES;
				CLANG_WARN_OBJC_IMPLICIT_RETAIN_SELF = YES;
				CLANG_WARN_OBJC_LITERAL_CONVERSION = YES;
				CLANG_WARN_OBJC_ROOT_CLASS = YES_ERROR;
				CLANG_WARN_QUOTED_INCLUDE_IN_FRAMEWORK_HEADER = YES;
				CLANG_WARN_RANGE_LOOP_ANALYSIS = YES;
				CLANG_WARN_STRICT_PROTOTYPES = YES;
				CLANG_WARN_SUSPICIOUS_MOVE = YES;
				CLANG_WARN_UNGUARDED_AVAILABILITY = YES_AGGRESSIVE;
				CLANG_WARN_UNREACHABLE_CODE = YES;
				CLANG_WARN__DUPLICATE_METHOD_MATCH = YES;
				COPY_PHASE_STRIP = NO;
				DEBUG_INFORMATION_FORMAT = "dwarf-with-dsym";
				ENABLE_NS_ASSERTIONS = NO;
				ENABLE_STRICT_OBJC_MSGSEND = YES;
				ENABLE_USER_SCRIPT_SANDBOXING = YES;
				GCC_C_LANGUAGE_STANDARD = gnu17;
				GCC_NO_COMMON_BLOCKS = YES;
				GCC_WARN_64_TO_32_BIT_CONVERSION = YES;
				GCC_WARN_ABOUT_RETURN_TYPE = YES_ERROR;
				GCC_WARN_UNDECLARED_SELECTOR = YES;
				GCC_WARN_UNINITIALIZED_AUTOS = YES_AGGRESSIVE;
				GCC_WARN_UNUSED_FUNCTION = YES;
				GCC_WARN_UNUSED_VARIABLE = YES;
				IPHONEOS_DEPLOYMENT_TARGET = 17.0;
				LOCALIZATION_PREFERS_STRING_CATALOGS = YES;
				MTL_ENABLE_DEBUG_INFO = NO;
				MTL_FAST_MATH = YES;
				SDKROOT = iphoneos;
				SWIFT_COMPILATION_MODE = wholemodule;
				VALIDATE_PRODUCT = YES;
			};
			name = Release;
		};
		B0EA89682BE68FF600E92AF8 /* Debug */ = {
			isa = XCBuildConfiguration;
			buildSettings = {
				ASSETCATALOG_COMPILER_APPICON_NAME = AppIcon;
				ASSETCATALOG_COMPILER_GLOBAL_ACCENT_COLOR_NAME = AccentColor;
				CODE_SIGN_STYLE = Automatic;
				CURRENT_PROJECT_VERSION = 1;
				DEVELOPMENT_TEAM = 6ZB4DDC86D;
				GENERATE_INFOPLIST_FILE = YES;
				INFOPLIST_FILE = CleanSiwftShowCase/Info.plist;
				INFOPLIST_KEY_UIApplicationSupportsIndirectInputEvents = YES;
				INFOPLIST_KEY_UILaunchStoryboardName = LaunchScreen;
				INFOPLIST_KEY_UIMainStoryboardFile = "";
				INFOPLIST_KEY_UISupportedInterfaceOrientations_iPad = "UIInterfaceOrientationPortrait UIInterfaceOrientationPortraitUpsideDown UIInterfaceOrientationLandscapeLeft UIInterfaceOrientationLandscapeRight";
				INFOPLIST_KEY_UISupportedInterfaceOrientations_iPhone = "UIInterfaceOrientationPortrait UIInterfaceOrientationLandscapeLeft UIInterfaceOrientationLandscapeRight";
				LD_RUNPATH_SEARCH_PATHS = (
					"$(inherited)",
					"@executable_path/Frameworks",
				);
				MARKETING_VERSION = 1.0;
				PRODUCT_BUNDLE_IDENTIFIER = aldiyar.dev.CleanSiwftShowCase;
				PRODUCT_NAME = "$(TARGET_NAME)";
				SWIFT_EMIT_LOC_STRINGS = YES;
				SWIFT_VERSION = 5.0;
				TARGETED_DEVICE_FAMILY = "1,2";
			};
			name = Debug;
		};
		B0EA89692BE68FF600E92AF8 /* Release */ = {
			isa = XCBuildConfiguration;
			buildSettings = {
				ASSETCATALOG_COMPILER_APPICON_NAME = AppIcon;
				ASSETCATALOG_COMPILER_GLOBAL_ACCENT_COLOR_NAME = AccentColor;
				CODE_SIGN_STYLE = Automatic;
				CURRENT_PROJECT_VERSION = 1;
				DEVELOPMENT_TEAM = 6ZB4DDC86D;
				GENERATE_INFOPLIST_FILE = YES;
				INFOPLIST_FILE = CleanSiwftShowCase/Info.plist;
				INFOPLIST_KEY_UIApplicationSupportsIndirectInputEvents = YES;
				INFOPLIST_KEY_UILaunchStoryboardName = LaunchScreen;
				INFOPLIST_KEY_UIMainStoryboardFile = "";
				INFOPLIST_KEY_UISupportedInterfaceOrientations_iPad = "UIInterfaceOrientationPortrait UIInterfaceOrientationPortraitUpsideDown UIInterfaceOrientationLandscapeLeft UIInterfaceOrientationLandscapeRight";
				INFOPLIST_KEY_UISupportedInterfaceOrientations_iPhone = "UIInterfaceOrientationPortrait UIInterfaceOrientationLandscapeLeft UIInterfaceOrientationLandscapeRight";
				LD_RUNPATH_SEARCH_PATHS = (
					"$(inherited)",
					"@executable_path/Frameworks",
				);
				MARKETING_VERSION = 1.0;
				PRODUCT_BUNDLE_IDENTIFIER = aldiyar.dev.CleanSiwftShowCase;
				PRODUCT_NAME = "$(TARGET_NAME)";
				SWIFT_EMIT_LOC_STRINGS = YES;
				SWIFT_VERSION = 5.0;
				TARGETED_DEVICE_FAMILY = "1,2";
			};
			name = Release;
		};
/* End XCBuildConfiguration section */

/* Begin XCConfigurationList section */
		B0EA894E2BE68FF500E92AF8 /* Build configuration list for PBXProject "CleanSiwftShowCase" */ = {
			isa = XCConfigurationList;
			buildConfigurations = (
				B0EA89652BE68FF600E92AF8 /* Debug */,
				B0EA89662BE68FF600E92AF8 /* Release */,
			);
			defaultConfigurationIsVisible = 0;
			defaultConfigurationName = Release;
		};
		B0EA89672BE68FF600E92AF8 /* Build configuration list for PBXNativeTarget "CleanSiwftShowCase" */ = {
			isa = XCConfigurationList;
			buildConfigurations = (
				B0EA89682BE68FF600E92AF8 /* Debug */,
				B0EA89692BE68FF600E92AF8 /* Release */,
			);
			defaultConfigurationIsVisible = 0;
			defaultConfigurationName = Release;
		};
/* End XCConfigurationList section */

/* Begin XCRemoteSwiftPackageReference section */
		B0EA896C2BE6931B00E92AF8 /* XCRemoteSwiftPackageReference "Alamofire" */ = {
			isa = XCRemoteSwiftPackageReference;
			repositoryURL = "https://github.com/Alamofire/Alamofire.git";
			requirement = {
				kind = upToNextMajorVersion;
				minimumVersion = 5.9.1;
			};
		};
		B0EA89712BE6932800E92AF8 /* XCRemoteSwiftPackageReference "SnapKit" */ = {
			isa = XCRemoteSwiftPackageReference;
			repositoryURL = "https://github.com/SnapKit/SnapKit.git";
			requirement = {
				kind = upToNextMajorVersion;
				minimumVersion = 5.7.1;
			};
		};
/* End XCRemoteSwiftPackageReference section */

/* Begin XCSwiftPackageProductDependency section */
		B0EA896D2BE6931B00E92AF8 /* Alamofire */ = {
			isa = XCSwiftPackageProductDependency;
			package = B0EA896C2BE6931B00E92AF8 /* XCRemoteSwiftPackageReference "Alamofire" */;
			productName = Alamofire;
		};
		B0EA89722BE6932800E92AF8 /* SnapKit */ = {
			isa = XCSwiftPackageProductDependency;
			package = B0EA89712BE6932800E92AF8 /* XCRemoteSwiftPackageReference "SnapKit" */;
			productName = SnapKit;
		};
/* End XCSwiftPackageProductDependency section */
	};
	rootObject = B0EA894B2BE68FF500E92AF8 /* Project object */;
}
